// !$*UTF8*$!
{
	archiveVersion = 1;
	classes = {
	};
	objectVersion = 50;
	objects = {

/* Begin PBXBuildFile section */
		2A8366BA23746F0900C06E40 /* AppDelegate.swift in Sources */ = {isa = PBXBuildFile; fileRef = 2A8366B923746F0900C06E40 /* AppDelegate.swift */; };
		2A8366BC23746F0900C06E40 /* SceneDelegate.swift in Sources */ = {isa = PBXBuildFile; fileRef = 2A8366BB23746F0900C06E40 /* SceneDelegate.swift */; };
		2A8366C023746F0B00C06E40 /* Assets.xcassets in Resources */ = {isa = PBXBuildFile; fileRef = 2A8366BF23746F0B00C06E40 /* Assets.xcassets */; };
		2A8366C623746F0B00C06E40 /* LaunchScreen.storyboard in Resources */ = {isa = PBXBuildFile; fileRef = 2A8366C423746F0B00C06E40 /* LaunchScreen.storyboard */; };
		2A83673E2377870500C06E40 /* Main.storyboard in Resources */ = {isa = PBXBuildFile; fileRef = 2A8367362377870400C06E40 /* Main.storyboard */; };
		2A83673F2377870500C06E40 /* CustomFlowLayout.swift in Sources */ = {isa = PBXBuildFile; fileRef = 2A8367382377870400C06E40 /* CustomFlowLayout.swift */; };
		2A8367402377870500C06E40 /* PuppiesData.plist in Resources */ = {isa = PBXBuildFile; fileRef = 2A8367392377870400C06E40 /* PuppiesData.plist */; };
		2A8367422377870500C06E40 /* PuppyModel.swift in Sources */ = {isa = PBXBuildFile; fileRef = 2A83673D2377870500C06E40 /* PuppyModel.swift */; };
		2A83674A2377872F00C06E40 /* PuppyCell.xib in Resources */ = {isa = PBXBuildFile; fileRef = 2A8367452377872F00C06E40 /* PuppyCell.xib */; };
		2A83674B2377872F00C06E40 /* PuppyCell.swift in Sources */ = {isa = PBXBuildFile; fileRef = 2A8367462377872F00C06E40 /* PuppyCell.swift */; };
		2A83674C2377872F00C06E40 /* PuppiesVC.xib in Resources */ = {isa = PBXBuildFile; fileRef = 2A8367472377872F00C06E40 /* PuppiesVC.xib */; };
		2A83674D2377872F00C06E40 /* PuppiesVC.swift in Sources */ = {isa = PBXBuildFile; fileRef = 2A8367482377872F00C06E40 /* PuppiesVC.swift */; };
		2A83674E2377872F00C06E40 /* GradientView.swift in Sources */ = {isa = PBXBuildFile; fileRef = 2A8367492377872F00C06E40 /* GradientView.swift */; };
		2A8367532377882500C06E40 /* Preview Assets.xcassets in Resources */ = {isa = PBXBuildFile; fileRef = 2A8367522377882500C06E40 /* Preview Assets.xcassets */; };
/* End PBXBuildFile section */

/* Begin PBXFileReference section */
		2A8366B623746F0900C06E40 /* MSZFLowLayout.app */ = {isa = PBXFileReference; explicitFileType = wrapper.application; includeInIndex = 0; path = MSZFLowLayout.app; sourceTree = BUILT_PRODUCTS_DIR; };
		2A8366B923746F0900C06E40 /* AppDelegate.swift */ = {isa = PBXFileReference; lastKnownFileType = sourcecode.swift; path = AppDelegate.swift; sourceTree = "<group>"; };
		2A8366BB23746F0900C06E40 /* SceneDelegate.swift */ = {isa = PBXFileReference; lastKnownFileType = sourcecode.swift; path = SceneDelegate.swift; sourceTree = "<group>"; };
		2A8366BF23746F0B00C06E40 /* Assets.xcassets */ = {isa = PBXFileReference; lastKnownFileType = folder.assetcatalog; path = Assets.xcassets; sourceTree = "<group>"; };
		2A8366C523746F0B00C06E40 /* Base */ = {isa = PBXFileReference; lastKnownFileType = file.storyboard; name = Base; path = Base.lproj/LaunchScreen.storyboard; sourceTree = "<group>"; };
		2A8366C723746F0B00C06E40 /* Info.plist */ = {isa = PBXFileReference; lastKnownFileType = text.plist.xml; path = Info.plist; sourceTree = "<group>"; };
		2A8367362377870400C06E40 /* Main.storyboard */ = {isa = PBXFileReference; fileEncoding = 4; lastKnownFileType = file.storyboard; path = Main.storyboard; sourceTree = "<group>"; };
		2A8367382377870400C06E40 /* CustomFlowLayout.swift */ = {isa = PBXFileReference; fileEncoding = 4; lastKnownFileType = sourcecode.swift; path = CustomFlowLayout.swift; sourceTree = "<group>"; };
		2A8367392377870400C06E40 /* PuppiesData.plist */ = {isa = PBXFileReference; fileEncoding = 4; lastKnownFileType = text.plist.xml; path = PuppiesData.plist; sourceTree = "<group>"; };
		2A83673D2377870500C06E40 /* PuppyModel.swift */ = {isa = PBXFileReference; fileEncoding = 4; lastKnownFileType = sourcecode.swift; path = PuppyModel.swift; sourceTree = "<group>"; };
		2A8367452377872F00C06E40 /* PuppyCell.xib */ = {isa = PBXFileReference; fileEncoding = 4; lastKnownFileType = file.xib; path = PuppyCell.xib; sourceTree = "<group>"; };
		2A8367462377872F00C06E40 /* PuppyCell.swift */ = {isa = PBXFileReference; fileEncoding = 4; lastKnownFileType = sourcecode.swift; path = PuppyCell.swift; sourceTree = "<group>"; };
		2A8367472377872F00C06E40 /* PuppiesVC.xib */ = {isa = PBXFileReference; fileEncoding = 4; lastKnownFileType = file.xib; path = PuppiesVC.xib; sourceTree = "<group>"; };
		2A8367482377872F00C06E40 /* PuppiesVC.swift */ = {isa = PBXFileReference; fileEncoding = 4; lastKnownFileType = sourcecode.swift; path = PuppiesVC.swift; sourceTree = "<group>"; };
		2A8367492377872F00C06E40 /* GradientView.swift */ = {isa = PBXFileReference; fileEncoding = 4; lastKnownFileType = sourcecode.swift; path = GradientView.swift; sourceTree = "<group>"; };
		2A8367522377882500C06E40 /* Preview Assets.xcassets */ = {isa = PBXFileReference; lastKnownFileType = folder.assetcatalog; path = "Preview Assets.xcassets"; sourceTree = "<group>"; };
/* End PBXFileReference section */

/* Begin PBXFrameworksBuildPhase section */
		2A8366B323746F0900C06E40 /* Frameworks */ = {
			isa = PBXFrameworksBuildPhase;
			buildActionMask = 2147483647;
			files = (
			);
			runOnlyForDeploymentPostprocessing = 0;
		};
/* End PBXFrameworksBuildPhase section */

/* Begin PBXGroup section */
		2A8366AD23746F0900C06E40 = {
			isa = PBXGroup;
			children = (
				2A8366B823746F0900C06E40 /* MSZFLowLayout */,
				2A8366B723746F0900C06E40 /* Products */,
			);
			sourceTree = "<group>";
		};
		2A8366B723746F0900C06E40 /* Products */ = {
			isa = PBXGroup;
			children = (
				2A8366B623746F0900C06E40 /* MSZFLowLayout.app */,
			);
			name = Products;
			sourceTree = "<group>";
		};
		2A8366B823746F0900C06E40 /* MSZFLowLayout */ = {
			isa = PBXGroup;
			children = (
				2A8367432377872F00C06E40 /* Views */,
				2A83673C2377870500C06E40 /* Domain */,
				2A8367372377870400C06E40 /* Layouts */,
				2A8367362377870400C06E40 /* Main.storyboard */,
				2A8366B923746F0900C06E40 /* AppDelegate.swift */,
				2A8366BB23746F0900C06E40 /* SceneDelegate.swift */,
				2A8366BF23746F0B00C06E40 /* Assets.xcassets */,
				2A8366C423746F0B00C06E40 /* LaunchScreen.storyboard */,
				2A8366C723746F0B00C06E40 /* Info.plist */,
				2A8366C123746F0B00C06E40 /* Preview */,
			);
			path = MSZFLowLayout;
			sourceTree = "<group>";
		};
		2A8366C123746F0B00C06E40 /* Preview */ = {
			isa = PBXGroup;
			children = (
				2A8367522377882500C06E40 /* Preview Assets.xcassets */,
			);
			path = Preview;
			sourceTree = "<group>";
		};
		2A8367372377870400C06E40 /* Layouts */ = {
			isa = PBXGroup;
			children = (
				2A8367382377870400C06E40 /* CustomFlowLayout.swift */,
			);
			path = Layouts;
			sourceTree = "<group>";
		};
		2A83673C2377870500C06E40 /* Domain */ = {
			isa = PBXGroup;
			children = (
				2A8367392377870400C06E40 /* PuppiesData.plist */,
				2A83673D2377870500C06E40 /* PuppyModel.swift */,
			);
			path = Domain;
			sourceTree = "<group>";
		};
		2A8367432377872F00C06E40 /* Views */ = {
			isa = PBXGroup;
			children = (
				2A8367442377872F00C06E40 /* Cells */,
				2A8367472377872F00C06E40 /* PuppiesVC.xib */,
				2A8367482377872F00C06E40 /* PuppiesVC.swift */,
				2A8367492377872F00C06E40 /* GradientView.swift */,
			);
			path = Views;
			sourceTree = "<group>";
		};
		2A8367442377872F00C06E40 /* Cells */ = {
			isa = PBXGroup;
			children = (
				2A8367452377872F00C06E40 /* PuppyCell.xib */,
				2A8367462377872F00C06E40 /* PuppyCell.swift */,
			);
			path = Cells;
			sourceTree = "<group>";
		};
/* End PBXGroup section */

/* Begin PBXNativeTarget section */
		2A8366B523746F0900C06E40 /* MSZFLowLayout */ = {
			isa = PBXNativeTarget;
			buildConfigurationList = 2A8366CA23746F0B00C06E40 /* Build configuration list for PBXNativeTarget "MSZFLowLayout" */;
			buildPhases = (
				2A8366B223746F0900C06E40 /* Sources */,
				2A8366B323746F0900C06E40 /* Frameworks */,
				2A8366B423746F0900C06E40 /* Resources */,
			);
			buildRules = (
			);
			dependencies = (
			);
			name = MSZFLowLayout;
			productName = MSZFLowLayout;
			productReference = 2A8366B623746F0900C06E40 /* MSZFLowLayout.app */;
			productType = "com.apple.product-type.application";
		};
/* End PBXNativeTarget section */

/* Begin PBXProject section */
		2A8366AE23746F0900C06E40 /* Project object */ = {
			isa = PBXProject;
			attributes = {
				LastSwiftUpdateCheck = 1100;
				LastUpgradeCheck = 1100;
				ORGANIZATIONNAME = MSZ;
				TargetAttributes = {
					2A8366B523746F0900C06E40 = {
						CreatedOnToolsVersion = 11.0;
					};
				};
			};
			buildConfigurationList = 2A8366B123746F0900C06E40 /* Build configuration list for PBXProject "MSZFLowLayout" */;
			compatibilityVersion = "Xcode 9.3";
			developmentRegion = en;
			hasScannedForEncodings = 0;
			knownRegions = (
				en,
				Base,
			);
			mainGroup = 2A8366AD23746F0900C06E40;
			productRefGroup = 2A8366B723746F0900C06E40 /* Products */;
			projectDirPath = "";
			projectRoot = "";
			targets = (
				2A8366B523746F0900C06E40 /* MSZFLowLayout */,
			);
		};
/* End PBXProject section */

/* Begin PBXResourcesBuildPhase section */
		2A8366B423746F0900C06E40 /* Resources */ = {
			isa = PBXResourcesBuildPhase;
			buildActionMask = 2147483647;
			files = (
				2A8366C623746F0B00C06E40 /* LaunchScreen.storyboard in Resources */,
				2A8366C023746F0B00C06E40 /* Assets.xcassets in Resources */,
				2A8367402377870500C06E40 /* PuppiesData.plist in Resources */,
				2A8367532377882500C06E40 /* Preview Assets.xcassets in Resources */,
				2A83674C2377872F00C06E40 /* PuppiesVC.xib in Resources */,
				2A83674A2377872F00C06E40 /* PuppyCell.xib in Resources */,
				2A83673E2377870500C06E40 /* Main.storyboard in Resources */,
			);
			runOnlyForDeploymentPostprocessing = 0;
		};
/* End PBXResourcesBuildPhase section */

/* Begin PBXSourcesBuildPhase section */
		2A8366B223746F0900C06E40 /* Sources */ = {
			isa = PBXSourcesBuildPhase;
			buildActionMask = 2147483647;
			files = (
				2A83674B2377872F00C06E40 /* PuppyCell.swift in Sources */,
				2A8366BA23746F0900C06E40 /* AppDelegate.swift in Sources */,
				2A8366BC23746F0900C06E40 /* SceneDelegate.swift in Sources */,
				2A83673F2377870500C06E40 /* CustomFlowLayout.swift in Sources */,
				2A83674D2377872F00C06E40 /* PuppiesVC.swift in Sources */,
				2A83674E2377872F00C06E40 /* GradientView.swift in Sources */,
				2A8367422377870500C06E40 /* PuppyModel.swift in Sources */,
			);
			runOnlyForDeploymentPostprocessing = 0;
		};
/* End PBXSourcesBuildPhase section */

/* Begin PBXVariantGroup section */
		2A8366C423746F0B00C06E40 /* LaunchScreen.storyboard */ = {
			isa = PBXVariantGroup;
			children = (
				2A8366C523746F0B00C06E40 /* Base */,
			);
			name = LaunchScreen.storyboard;
			sourceTree = "<group>";
		};
/* End PBXVariantGroup section */

/* Begin XCBuildConfiguration section */
		2A8366C823746F0B00C06E40 /* Debug */ = {
			isa = XCBuildConfiguration;
			buildSettings = {
				ALWAYS_SEARCH_USER_PATHS = NO;
				CLANG_ANALYZER_NONNULL = YES;
				CLANG_ANALYZER_NUMBER_OBJECT_CONVERSION = YES_AGGRESSIVE;
				CLANG_CXX_LANGUAGE_STANDARD = "gnu++14";
				CLANG_CXX_LIBRARY = "libc++";
				CLANG_ENABLE_MODULES = YES;
				CLANG_ENABLE_OBJC_ARC = YES;
				CLANG_ENABLE_OBJC_WEAK = YES;
				CLANG_WARN_BLOCK_CAPTURE_AUTORELEASING = YES;
				CLANG_WARN_BOOL_CONVERSION = YES;
				CLANG_WARN_COMMA = YES;
				CLANG_WARN_CONSTANT_CONVERSION = YES;
				CLANG_WARN_DEPRECATED_OBJC_IMPLEMENTATIONS = YES;
				CLANG_WARN_DIRECT_OBJC_ISA_USAGE = YES_ERROR;
				CLANG_WARN_DOCUMENTATION_COMMENTS = YES;
				CLANG_WARN_EMPTY_BODY = YES;
				CLANG_WARN_ENUM_CONVERSION = YES;
				CLANG_WARN_INFINITE_RECURSION = YES;
				CLANG_WARN_INT_CONVERSION = YES;
				CLANG_WARN_NON_LITERAL_NULL_CONVERSION = YES;
				CLANG_WARN_OBJC_IMPLICIT_RETAIN_SELF = YES;
				CLANG_WARN_OBJC_LITERAL_CONVERSION = YES;
				CLANG_WARN_OBJC_ROOT_CLASS = YES_ERROR;
				CLANG_WARN_RANGE_LOOP_ANALYSIS = YES;
				CLANG_WARN_STRICT_PROTOTYPES = YES;
				CLANG_WARN_SUSPICIOUS_MOVE = YES;
				CLANG_WARN_UNGUARDED_AVAILABILITY = YES_AGGRESSIVE;
				CLANG_WARN_UNREACHABLE_CODE = YES;
				CLANG_WARN__DUPLICATE_METHOD_MATCH = YES;
				COPY_PHASE_STRIP = NO;
				DEBUG_INFORMATION_FORMAT = dwarf;
				ENABLE_STRICT_OBJC_MSGSEND = YES;
				ENABLE_TESTABILITY = YES;
				GCC_C_LANGUAGE_STANDARD = gnu11;
				GCC_DYNAMIC_NO_PIC = NO;
				GCC_NO_COMMON_BLOCKS = YES;
				GCC_OPTIMIZATION_LEVEL = 0;
				GCC_PREPROCESSOR_DEFINITIONS = (
					"DEBUG=1",
					"$(inherited)",
				);
				GCC_WARN_64_TO_32_BIT_CONVERSION = YES;
				GCC_WARN_ABOUT_RETURN_TYPE = YES_ERROR;
				GCC_WARN_UNDECLARED_SELECTOR = YES;
				GCC_WARN_UNINITIALIZED_AUTOS = YES_AGGRESSIVE;
				GCC_WARN_UNUSED_FUNCTION = YES;
				GCC_WARN_UNUSED_VARIABLE = YES;
				IPHONEOS_DEPLOYMENT_TARGET = 13.0;
				MTL_ENABLE_DEBUG_INFO = INCLUDE_SOURCE;
				MTL_FAST_MATH = YES;
				ONLY_ACTIVE_ARCH = YES;
				SDKROOT = iphoneos;
				SWIFT_ACTIVE_COMPILATION_CONDITIONS = DEBUG;
				SWIFT_OPTIMIZATION_LEVEL = "-Onone";
			};
			name = Debug;
		};
		2A8366C923746F0B00C06E40 /* Release */ = {
			isa = XCBuildConfiguration;
			buildSettings = {
				ALWAYS_SEARCH_USER_PATHS = NO;
				CLANG_ANALYZER_NONNULL = YES;
				CLANG_ANALYZER_NUMBER_OBJECT_CONVERSION = YES_AGGRESSIVE;
				CLANG_CXX_LANGUAGE_STANDARD = "gnu++14";
				CLANG_CXX_LIBRARY = "libc++";
				CLANG_ENABLE_MODULES = YES;
				CLANG_ENABLE_OBJC_ARC = YES;
				CLANG_ENABLE_OBJC_WEAK = YES;
				CLANG_WARN_BLOCK_CAPTURE_AUTORELEASING = YES;
				CLANG_WARN_BOOL_CONVERSION = YES;
				CLANG_WARN_COMMA = YES;
				CLANG_WARN_CONSTANT_CONVERSION = YES;
				CLANG_WARN_DEPRECATED_OBJC_IMPLEMENTATIONS = YES;
				CLANG_WARN_DIRECT_OBJC_ISA_USAGE = YES_ERROR;
				CLANG_WARN_DOCUMENTATION_COMMENTS = YES;
				CLANG_WARN_EMPTY_BODY = YES;
				CLANG_WARN_ENUM_CONVERSION = YES;
				CLANG_WARN_INFINITE_RECURSION = YES;
				CLANG_WARN_INT_CONVERSION = YES;
				CLANG_WARN_NON_LITERAL_NULL_CONVERSION = YES;
				CLANG_WARN_OBJC_IMPLICIT_RETAIN_SELF = YES;
				CLANG_WARN_OBJC_LITERAL_CONVERSION = YES;
				CLANG_WARN_OBJC_ROOT_CLASS = YES_ERROR;
				CLANG_WARN_RANGE_LOOP_ANALYSIS = YES;
				CLANG_WARN_STRICT_PROTOTYPES = YES;
				CLANG_WARN_SUSPICIOUS_MOVE = YES;
				CLANG_WARN_UNGUARDED_AVAILABILITY = YES_AGGRESSIVE;
				CLANG_WARN_UNREACHABLE_CODE = YES;
				CLANG_WARN__DUPLICATE_METHOD_MATCH = YES;
				COPY_PHASE_STRIP = NO;
				DEBUG_INFORMATION_FORMAT = "dwarf-with-dsym";
				ENABLE_NS_ASSERTIONS = NO;
				ENABLE_STRICT_OBJC_MSGSEND = YES;
				GCC_C_LANGUAGE_STANDARD = gnu11;
				GCC_NO_COMMON_BLOCKS = YES;
				GCC_WARN_64_TO_32_BIT_CONVERSION = YES;
				GCC_WARN_ABOUT_RETURN_TYPE = YES_ERROR;
				GCC_WARN_UNDECLARED_SELECTOR = YES;
				GCC_WARN_UNINITIALIZED_AUTOS = YES_AGGRESSIVE;
				GCC_WARN_UNUSED_FUNCTION = YES;
				GCC_WARN_UNUSED_VARIABLE = YES;
				IPHONEOS_DEPLOYMENT_TARGET = 13.0;
				MTL_ENABLE_DEBUG_INFO = NO;
				MTL_FAST_MATH = YES;
				SDKROOT = iphoneos;
				SWIFT_COMPILATION_MODE = wholemodule;
				SWIFT_OPTIMIZATION_LEVEL = "-O";
				VALIDATE_PRODUCT = YES;
			};
			name = Release;
		};
		2A8366CB23746F0B00C06E40 /* Debug */ = {
			isa = XCBuildConfiguration;
			buildSettings = {
				ASSETCATALOG_COMPILER_APPICON_NAME = AppIcon;
				CODE_SIGN_STYLE = Automatic;
				DEVELOPMENT_ASSET_PATHS = MSZFLowLayout/Preview;
				ENABLE_PREVIEWS = YES;
				INFOPLIST_FILE = MSZFLowLayout/Info.plist;
				LD_RUNPATH_SEARCH_PATHS = (
					"$(inherited)",
					"@executable_path/Frameworks",
				);
				PRODUCT_BUNDLE_IDENTIFIER = MSZ.MSZFLowLayout;
				PRODUCT_NAME = "$(TARGET_NAME)";
				SWIFT_VERSION = 5.0;
				TARGETED_DEVICE_FAMILY = "1,2";
			};
			name = Debug;
		};
		2A8366CC23746F0B00C06E40 /* Release */ = {
			isa = XCBuildConfiguration;
			buildSettings = {
				ASSETCATALOG_COMPILER_APPICON_NAME = AppIcon;
				CODE_SIGN_STYLE = Automatic;
				DEVELOPMENT_ASSET_PATHS = MSZFLowLayout/Preview;
				ENABLE_PREVIEWS = YES;
				INFOPLIST_FILE = MSZFLowLayout/Info.plist;
				LD_RUNPATH_SEARCH_PATHS = (
					"$(inherited)",
					"@executable_path/Frameworks",
				);
				PRODUCT_BUNDLE_IDENTIFIER = MSZ.MSZFLowLayout;
				PRODUCT_NAME = "$(TARGET_NAME)";
				SWIFT_VERSION = 5.0;
				TARGETED_DEVICE_FAMILY = "1,2";
			};
			name = Release;
		};
/* End XCBuildConfiguration section */

/* Begin XCConfigurationList section */
		2A8366B123746F0900C06E40 /* Build configuration list for PBXProject "MSZFLowLayout" */ = {
			isa = XCConfigurationList;
			buildConfigurations = (
				2A8366C823746F0B00C06E40 /* Debug */,
				2A8366C923746F0B00C06E40 /* Release */,
			);
			defaultConfigurationIsVisible = 0;
			defaultConfigurationName = Release;
		};
		2A8366CA23746F0B00C06E40 /* Build configuration list for PBXNativeTarget "MSZFLowLayout" */ = {
			isa = XCConfigurationList;
			buildConfigurations = (
				2A8366CB23746F0B00C06E40 /* Debug */,
				2A8366CC23746F0B00C06E40 /* Release */,
			);
			defaultConfigurationIsVisible = 0;
			defaultConfigurationName = Release;
		};
/* End XCConfigurationList section */
	};
	rootObject = 2A8366AE23746F0900C06E40 /* Project object */;
}
